
Microsoft Visual Studio Solution File, Format Version 12.00
# Visual Studio Version 17
VisualStudioVersion = 17.7.34009.444
MinimumVisualStudioVersion = 10.0.40219.1
Project("{FAE04EC0-301F-11D3-BF4B-00C04F79EFBC}") = "Domain", "Domain\Domain.csproj", "{88E0E9A5-4F7C-4D18-ACB2-C03B8A6361C6}"
EndProject
Project("{FAE04EC0-301F-11D3-BF4B-00C04F79EFBC}") = "Application", "Application\Application.csproj", "{C798F68E-72E2-492F-816E-DEE3A9B4185E}"
EndProject
Project("{FAE04EC0-301F-11D3-BF4B-00C04F79EFBC}") = "Infrastructure", "Infrastructure\Infrastructure.csproj", "{039F9ADA-11C5-4392-9C45-05F4195A48B7}"
EndProject
Project("{FAE04EC0-301F-11D3-BF4B-00C04F79EFBC}") = "Presentation", "Presentation\Presentation.csproj", "{D1779545-9D95-422E-848C-EF11DD24559E}"
EndProject
Global
	GlobalSection(SolutionConfigurationPlatforms) = preSolution
		Debug|Any CPU = Debug|Any CPU
		Release|Any CPU = Release|Any CPU
	EndGlobalSection
	GlobalSection(ProjectConfigurationPlatforms) = postSolution
		{88E0E9A5-4F7C-4D18-ACB2-C03B8A6361C6}.Debug|Any CPU.ActiveCfg = Debug|Any CPU
		{88E0E9A5-4F7C-4D18-ACB2-C03B8A6361C6}.Debug|Any CPU.Build.0 = Debug|Any CPU
		{88E0E9A5-4F7C-4D18-ACB2-C03B8A6361C6}.Release|Any CPU.ActiveCfg = Release|Any CPU
		{88E0E9A5-4F7C-4D18-ACB2-C03B8A6361C6}.Release|Any CPU.Build.0 = Release|Any CPU
		{C798F68E-72E2-492F-816E-DEE3A9B4185E}.Debug|Any CPU.ActiveCfg = Debug|Any CPU
		{C798F68E-72E2-492F-816E-DEE3A9B4185E}.Debug|Any CPU.Build.0 = Debug|Any CPU
		{C798F68E-72E2-492F-816E-DEE3A9B4185E}.Release|Any CPU.ActiveCfg = Release|Any CPU
		{C798F68E-72E2-492F-816E-DEE3A9B4185E}.Release|Any CPU.Build.0 = Release|Any CPU
		{039F9ADA-11C5-4392-9C45-05F4195A48B7}.Debug|Any CPU.ActiveCfg = Debug|Any CPU
		{039F9ADA-11C5-4392-9C45-05F4195A48B7}.Debug|Any CPU.Build.0 = Debug|Any CPU
		{039F9ADA-11C5-4392-9C45-05F4195A48B7}.Release|Any CPU.ActiveCfg = Release|Any CPU
		{039F9ADA-11C5-4392-9C45-05F4195A48B7}.Release|Any CPU.Build.0 = Release|Any CPU
		{D1779545-9D95-422E-848C-EF11DD24559E}.Debug|Any CPU.ActiveCfg = Debug|Any CPU
		{D1779545-9D95-422E-848C-EF11DD24559E}.Debug|Any CPU.Build.0 = Debug|Any CPU
		{D1779545-9D95-422E-848C-EF11DD24559E}.Release|Any CPU.ActiveCfg = Release|Any CPU
		{D1779545-9D95-422E-848C-EF11DD24559E}.Release|Any CPU.Build.0 = Release|Any CPU
	EndGlobalSection
	GlobalSection(SolutionProperties) = preSolution
		HideSolutionNode = FALSE
	EndGlobalSection
	GlobalSection(ExtensibilityGlobals) = postSolution
		SolutionGuid = {C031E454-8EC4-4DBF-92E1-2836318DFFF1}
	EndGlobalSection
EndGlobal
